{
  "version": 4,
  "terraform_version": "1.9.5",
  "serial": 9,
  "lineage": "2653e5be-c2f6-57ab-4156-69cda8f6077a",
  "outputs": {},
  "resources": [
    {
      "mode": "managed",
      "type": "kubernetes_manifest",
      "name": "ng",
      "provider": "provider[\"registry.terraform.io/hashicorp/kubernetes\"]",
      "instances": [
        {
          "schema_version": 1,
          "attributes": {
            "computed_fields": null,
            "field_manager": [],
            "manifest": {
              "value": {
                "apiVersion": "v1",
                "kind": "Pod",
                "metadata": {
                  "labels": {
                    "app": "myapp"
                  },
                  "name": "mypod",
                  "namespace": "default"
                },
                "spec": {
                  "containers": [
                    {
                      "image": "nginx",
                      "name": "myapp",
                      "ports": [
                        {
                          "containerPort": 80
                        }
                      ]
                    }
                  ]
                }
              },
              "type": [
                "object",
                {
                  "apiVersion": "string",
                  "kind": "string",
                  "metadata": [
                    "object",
                    {
                      "labels": [
                        "object",
                        {
                          "app": "string"
                        }
                      ],
                      "name": "string",
                      "namespace": "string"
                    }
                  ],
                  "spec": [
                    "object",
                    {
                      "containers": [
                        "tuple",
                        [
                          [
                            "object",
                            {
                              "image": "string",
                              "name": "string",
                              "ports": [
                                "tuple",
                                [
                                  [
                                    "object",
                                    {
                                      "containerPort": "number"
                                    }
                                  ]
                                ]
                              ]
                            }
                          ]
                        ]
                      ]
                    }
                  ]
                }
              ]
            },
            "object": {
              "value": {
                "apiVersion": "v1",
                "kind": "Pod",
                "metadata": {
                  "annotations": null,
                  "creationTimestamp": null,
                  "deletionGracePeriodSeconds": null,
                  "deletionTimestamp": null,
                  "finalizers": null,
                  "generateName": null,
                  "generation": null,
                  "labels": {
                    "app": "myapp"
                  },
                  "managedFields": null,
                  "name": "mypod",
                  "namespace": "default",
                  "ownerReferences": null,
                  "resourceVersion": null,
                  "selfLink": null,
                  "uid": null
                },
                "spec": {
                  "activeDeadlineSeconds": null,
                  "affinity": {
                    "nodeAffinity": {
                      "preferredDuringSchedulingIgnoredDuringExecution": null,
                      "requiredDuringSchedulingIgnoredDuringExecution": {
                        "nodeSelectorTerms": null
                      }
                    },
                    "podAffinity": {
                      "preferredDuringSchedulingIgnoredDuringExecution": null,
                      "requiredDuringSchedulingIgnoredDuringExecution": null
                    },
                    "podAntiAffinity": {
                      "preferredDuringSchedulingIgnoredDuringExecution": null,
                      "requiredDuringSchedulingIgnoredDuringExecution": null
                    }
                  },
                  "automountServiceAccountToken": null,
                  "containers": [
                    {
                      "args": null,
                      "command": null,
                      "env": null,
                      "envFrom": null,
                      "image": "nginx",
                      "imagePullPolicy": "Always",
                      "lifecycle": {
                        "postStart": {
                          "exec": {
                            "command": null
                          },
                          "httpGet": {
                            "host": null,
                            "httpHeaders": null,
                            "path": null,
                            "port": null,
                            "scheme": null
                          },
                          "sleep": {
                            "seconds": null
                          },
                          "tcpSocket": {
                            "host": null,
                            "port": null
                          }
                        },
                        "preStop": {
                          "exec": {
                            "command": null
                          },
                          "httpGet": {
                            "host": null,
                            "httpHeaders": null,
                            "path": null,
                            "port": null,
                            "scheme": null
                          },
                          "sleep": {
                            "seconds": null
                          },
                          "tcpSocket": {
                            "host": null,
                            "port": null
                          }
                        }
                      },
                      "livenessProbe": {
                        "exec": {
                          "command": null
                        },
                        "failureThreshold": null,
                        "grpc": {
                          "port": null,
                          "service": null
                        },
                        "httpGet": {
                          "host": null,
                          "httpHeaders": null,
                          "path": null,
                          "port": null,
                          "scheme": null
                        },
                        "initialDelaySeconds": null,
                        "periodSeconds": null,
                        "successThreshold": null,
                        "tcpSocket": {
                          "host": null,
                          "port": null
                        },
                        "terminationGracePeriodSeconds": null,
                        "timeoutSeconds": null
                      },
                      "name": "myapp",
                      "ports": [
                        {
                          "containerPort": 80,
                          "hostIP": null,
                          "hostPort": null,
                          "name": null,
                          "protocol": "TCP"
                        }
                      ],
                      "readinessProbe": {
                        "exec": {
                          "command": null
                        },
                        "failureThreshold": null,
                        "grpc": {
                          "port": null,
                          "service": null
                        },
                        "httpGet": {
                          "host": null,
                          "httpHeaders": null,
                          "path": null,
                          "port": null,
                          "scheme": null
                        },
                        "initialDelaySeconds": null,
                        "periodSeconds": null,
                        "successThreshold": null,
                        "tcpSocket": {
                          "host": null,
                          "port": null
                        },
                        "terminationGracePeriodSeconds": null,
                        "timeoutSeconds": null
                      },
                      "resizePolicy": null,
                      "resources": {
                        "claims": null,
                        "limits": null,
                        "requests": null
                      },
                      "restartPolicy": null,
                      "securityContext": {
                        "allowPrivilegeEscalation": null,
                        "appArmorProfile": {
                          "localhostProfile": null,
                          "type": null
                        },
                        "capabilities": {
                          "add": null,
                          "drop": null
                        },
                        "privileged": null,
                        "procMount": null,
                        "readOnlyRootFilesystem": null,
                        "runAsGroup": null,
                        "runAsNonRoot": null,
                        "runAsUser": null,
                        "seLinuxOptions": {
                          "level": null,
                          "role": null,
                          "type": null,
                          "user": null
                        },
                        "seccompProfile": {
                          "localhostProfile": null,
                          "type": null
                        },
                        "windowsOptions": {
                          "gmsaCredentialSpec": null,
                          "gmsaCredentialSpecName": null,
                          "hostProcess": null,
                          "runAsUserName": null
                        }
                      },
                      "startupProbe": {
                        "exec": {
                          "command": null
                        },
                        "failureThreshold": null,
                        "grpc": {
                          "port": null,
                          "service": null
                        },
                        "httpGet": {
                          "host": null,
                          "httpHeaders": null,
                          "path": null,
                          "port": null,
                          "scheme": null
                        },
                        "initialDelaySeconds": null,
                        "periodSeconds": null,
                        "successThreshold": null,
                        "tcpSocket": {
                          "host": null,
                          "port": null
                        },
                        "terminationGracePeriodSeconds": null,
                        "timeoutSeconds": null
                      },
                      "stdin": null,
                      "stdinOnce": null,
                      "terminationMessagePath": "/dev/termination-log",
                      "terminationMessagePolicy": "File",
                      "tty": null,
                      "volumeDevices": null,
                      "volumeMounts": [
                        {
                          "mountPath": "/var/run/secrets/kubernetes.io/serviceaccount",
                          "mountPropagation": null,
                          "name": "kube-api-access-8bhd6",
                          "readOnly": true,
                          "recursiveReadOnly": null,
                          "subPath": null,
                          "subPathExpr": null
                        }
                      ],
                      "workingDir": null
                    }
                  ],
                  "dnsConfig": {
                    "nameservers": null,
                    "options": null,
                    "searches": null
                  },
                  "dnsPolicy": "ClusterFirst",
                  "enableServiceLinks": true,
                  "ephemeralContainers": null,
                  "hostAliases": null,
                  "hostIPC": null,
                  "hostNetwork": null,
                  "hostPID": null,
                  "hostUsers": null,
                  "hostname": null,
                  "imagePullSecrets": null,
                  "initContainers": null,
                  "nodeName": null,
                  "nodeSelector": null,
                  "os": {
                    "name": null
                  },
                  "overhead": null,
                  "preemptionPolicy": "PreemptLowerPriority",
                  "priority": 0,
                  "priorityClassName": null,
                  "readinessGates": null,
                  "resourceClaims": null,
                  "restartPolicy": "Always",
                  "runtimeClassName": null,
                  "schedulerName": "default-scheduler",
                  "schedulingGates": null,
                  "securityContext": {
                    "appArmorProfile": {
                      "localhostProfile": null,
                      "type": null
                    },
                    "fsGroup": null,
                    "fsGroupChangePolicy": null,
                    "runAsGroup": null,
                    "runAsNonRoot": null,
                    "runAsUser": null,
                    "seLinuxOptions": {
                      "level": null,
                      "role": null,
                      "type": null,
                      "user": null
                    },
                    "seccompProfile": {
                      "localhostProfile": null,
                      "type": null
                    },
                    "supplementalGroups": null,
                    "supplementalGroupsPolicy": null,
                    "sysctls": null,
                    "windowsOptions": {
                      "gmsaCredentialSpec": null,
                      "gmsaCredentialSpecName": null,
                      "hostProcess": null,
                      "runAsUserName": null
                    }
                  },
                  "serviceAccount": "default",
                  "serviceAccountName": "default",
                  "setHostnameAsFQDN": null,
                  "shareProcessNamespace": null,
                  "subdomain": null,
                  "terminationGracePeriodSeconds": 30,
                  "tolerations": [
                    {
                      "effect": "NoExecute",
                      "key": "node.kubernetes.io/not-ready",
                      "operator": "Exists",
                      "tolerationSeconds": 300,
                      "value": null
                    },
                    {
                      "effect": "NoExecute",
                      "key": "node.kubernetes.io/unreachable",
                      "operator": "Exists",
                      "tolerationSeconds": 300,
                      "value": null
                    }
                  ],
                  "topologySpreadConstraints": null,
                  "volumes": [
                    {
                      "awsElasticBlockStore": {
                        "fsType": null,
                        "partition": null,
                        "readOnly": null,
                        "volumeID": null
                      },
                      "azureDisk": {
                        "cachingMode": null,
                        "diskName": null,
                        "diskURI": null,
                        "fsType": null,
                        "kind": null,
                        "readOnly": null
                      },
                      "azureFile": {
                        "readOnly": null,
                        "secretName": null,
                        "shareName": null
                      },
                      "cephfs": {
                        "monitors": null,
                        "path": null,
                        "readOnly": null,
                        "secretFile": null,
                        "secretRef": {
                          "name": null
                        },
                        "user": null
                      },
                      "cinder": {
                        "fsType": null,
                        "readOnly": null,
                        "secretRef": {
                          "name": null
                        },
                        "volumeID": null
                      },
                      "configMap": {
                        "defaultMode": null,
                        "items": null,
                        "name": null,
                        "optional": null
                      },
                      "csi": {
                        "driver": null,
                        "fsType": null,
                        "nodePublishSecretRef": {
                          "name": null
                        },
                        "readOnly": null,
                        "volumeAttributes": null
                      },
                      "downwardAPI": {
                        "defaultMode": null,
                        "items": null
                      },
                      "emptyDir": {
                        "medium": null,
                        "sizeLimit": null
                      },
                      "ephemeral": {
                        "volumeClaimTemplate": {
                          "metadata": {
                            "annotations": null,
                            "creationTimestamp": null,
                            "deletionGracePeriodSeconds": null,
                            "deletionTimestamp": null,
                            "finalizers": null,
                            "generateName": null,
                            "generation": null,
                            "labels": null,
                            "managedFields": null,
                            "name": null,
                            "namespace": null,
                            "ownerReferences": null,
                            "resourceVersion": null,
                            "selfLink": null,
                            "uid": null
                          },
                          "spec": {
                            "accessModes": null,
                            "dataSource": {
                              "apiGroup": null,
                              "kind": null,
                              "name": null
                            },
                            "dataSourceRef": {
                              "apiGroup": null,
                              "kind": null,
                              "name": null,
                              "namespace": null
                            },
                            "resources": {
                              "limits": null,
                              "requests": null
                            },
                            "selector": {
                              "matchExpressions": null,
                              "matchLabels": null
                            },
                            "storageClassName": null,
                            "volumeAttributesClassName": null,
                            "volumeMode": null,
                            "volumeName": null
                          }
                        }
                      },
                      "fc": {
                        "fsType": null,
                        "lun": null,
                        "readOnly": null,
                        "targetWWNs": null,
                        "wwids": null
                      },
                      "flexVolume": {
                        "driver": null,
                        "fsType": null,
                        "options": null,
                        "readOnly": null,
                        "secretRef": {
                          "name": null
                        }
                      },
                      "flocker": {
                        "datasetName": null,
                        "datasetUUID": null
                      },
                      "gcePersistentDisk": {
                        "fsType": null,
                        "partition": null,
                        "pdName": null,
                        "readOnly": null
                      },
                      "gitRepo": {
                        "directory": null,
                        "repository": null,
                        "revision": null
                      },
                      "glusterfs": {
                        "endpoints": null,
                        "path": null,
                        "readOnly": null
                      },
                      "hostPath": {
                        "path": null,
                        "type": null
                      },
                      "image": {
                        "pullPolicy": null,
                        "reference": null
                      },
                      "iscsi": {
                        "chapAuthDiscovery": null,
                        "chapAuthSession": null,
                        "fsType": null,
                        "initiatorName": null,
                        "iqn": null,
                        "iscsiInterface": null,
                        "lun": null,
                        "portals": null,
                        "readOnly": null,
                        "secretRef": {
                          "name": null
                        },
                        "targetPortal": null
                      },
                      "name": "kube-api-access-8bhd6",
                      "nfs": {
                        "path": null,
                        "readOnly": null,
                        "server": null
                      },
                      "persistentVolumeClaim": {
                        "claimName": null,
                        "readOnly": null
                      },
                      "photonPersistentDisk": {
                        "fsType": null,
                        "pdID": null
                      },
                      "portworxVolume": {
                        "fsType": null,
                        "readOnly": null,
                        "volumeID": null
                      },
                      "projected": {
                        "defaultMode": 420,
                        "sources": [
                          {
                            "clusterTrustBundle": {
                              "labelSelector": {
                                "matchExpressions": null,
                                "matchLabels": null
                              },
                              "name": null,
                              "optional": null,
                              "path": null,
                              "signerName": null
                            },
                            "configMap": {
                              "items": null,
                              "name": null,
                              "optional": null
                            },
                            "downwardAPI": {
                              "items": null
                            },
                            "secret": {
                              "items": null,
                              "name": null,
                              "optional": null
                            },
                            "serviceAccountToken": {
                              "audience": null,
                              "expirationSeconds": 3607,
                              "path": "token"
                            }
                          },
                          {
                            "clusterTrustBundle": {
                              "labelSelector": {
                                "matchExpressions": null,
                                "matchLabels": null
                              },
                              "name": null,
                              "optional": null,
                              "path": null,
                              "signerName": null
                            },
                            "configMap": {
                              "items": [
                                {
                                  "key": "ca.crt",
                                  "mode": null,
                                  "path": "ca.crt"
                                }
                              ],
                              "name": "kube-root-ca.crt",
                              "optional": null
                            },
                            "downwardAPI": {
                              "items": null
                            },
                            "secret": {
                              "items": null,
                              "name": null,
                              "optional": null
                            },
                            "serviceAccountToken": {
                              "audience": null,
                              "expirationSeconds": null,
                              "path": null
                            }
                          },
                          {
                            "clusterTrustBundle": {
                              "labelSelector": {
                                "matchExpressions": null,
                                "matchLabels": null
                              },
                              "name": null,
                              "optional": null,
                              "path": null,
                              "signerName": null
                            },
                            "configMap": {
                              "items": null,
                              "name": null,
                              "optional": null
                            },
                            "downwardAPI": {
                              "items": [
                                {
                                  "fieldRef": {
                                    "apiVersion": "v1",
                                    "fieldPath": "metadata.namespace"
                                  },
                                  "mode": null,
                                  "path": "namespace",
                                  "resourceFieldRef": {
                                    "containerName": null,
                                    "divisor": null,
                                    "resource": null
                                  }
                                }
                              ]
                            },
                            "secret": {
                              "items": null,
                              "name": null,
                              "optional": null
                            },
                            "serviceAccountToken": {
                              "audience": null,
                              "expirationSeconds": null,
                              "path": null
                            }
                          }
                        ]
                      },
                      "quobyte": {
                        "group": null,
                        "readOnly": null,
                        "registry": null,
                        "tenant": null,
                        "user": null,
                        "volume": null
                      },
                      "rbd": {
                        "fsType": null,
                        "image": null,
                        "keyring": null,
                        "monitors": null,
                        "pool": null,
                        "readOnly": null,
                        "secretRef": {
                          "name": null
                        },
                        "user": null
                      },
                      "scaleIO": {
                        "fsType": null,
                        "gateway": null,
                        "protectionDomain": null,
                        "readOnly": null,
                        "secretRef": {
                          "name": null
                        },
                        "sslEnabled": null,
                        "storageMode": null,
                        "storagePool": null,
                        "system": null,
                        "volumeName": null
                      },
                      "secret": {
                        "defaultMode": null,
                        "items": null,
                        "optional": null,
                        "secretName": null
                      },
                      "storageos": {
                        "fsType": null,
                        "readOnly": null,
                        "secretRef": {
                          "name": null
                        },
                        "volumeName": null,
                        "volumeNamespace": null
                      },
                      "vsphereVolume": {
                        "fsType": null,
                        "storagePolicyID": null,
                        "storagePolicyName": null,
                        "volumePath": null
                      }
                    }
                  ]
                }
              },
              "type": [
                "object",
                {
                  "apiVersion": "string",
                  "kind": "string",
                  "metadata": [
                    "object",
                    {
                      "annotations": [
                        "map",
                        "string"
                      ],
                      "creationTimestamp": "string",
                      "deletionGracePeriodSeconds": "number",
                      "deletionTimestamp": "string",
                      "finalizers": [
                        "list",
                        "string"
                      ],
                      "generateName": "string",
                      "generation": "number",
                      "labels": [
                        "map",
                        "string"
                      ],
                      "managedFields": [
                        "tuple",
                        [
                          [
                            "object",
                            {
                              "apiVersion": "string",
                              "fieldsType": "string",
                              "fieldsV1": "dynamic",
                              "manager": "string",
                              "operation": "string",
                              "subresource": "string",
                              "time": "string"
                            }
                          ]
                        ]
                      ],
                      "name": "string",
                      "namespace": "string",
                      "ownerReferences": [
                        "list",
                        [
                          "object",
                          {
                            "apiVersion": "string",
                            "blockOwnerDeletion": "bool",
                            "controller": "bool",
                            "kind": "string",
                            "name": "string",
                            "uid": "string"
                          }
                        ]
                      ],
                      "resourceVersion": "string",
                      "selfLink": "string",
                      "uid": "string"
                    }
                  ],
                  "spec": [
                    "object",
                    {
                      "activeDeadlineSeconds": "number",
                      "affinity": [
                        "object",
                        {
                          "nodeAffinity": [
                            "object",
                            {
                              "preferredDuringSchedulingIgnoredDuringExecution": [
                                "list",
                                [
                                  "object",
                                  {
                                    "preference": [
                                      "object",
                                      {
                                        "matchExpressions": [
                                          "list",
                                          [
                                            "object",
                                            {
                                              "key": "string",
                                              "operator": "string",
                                              "values": [
                                                "list",
                                                "string"
                                              ]
                                            }
                                          ]
                                        ],
                                        "matchFields": [
                                          "list",
                                          [
                                            "object",
                                            {
                                              "key": "string",
                                              "operator": "string",
                                              "values": [
                                                "list",
                                                "string"
                                              ]
                                            }
                                          ]
                                        ]
                                      }
                                    ],
                                    "weight": "number"
                                  }
                                ]
                              ],
                              "requiredDuringSchedulingIgnoredDuringExecution": [
                                "object",
                                {
                                  "nodeSelectorTerms": [
                                    "list",
                                    [
                                      "object",
                                      {
                                        "matchExpressions": [
                                          "list",
                                          [
                                            "object",
                                            {
                                              "key": "string",
                                              "operator": "string",
                                              "values": [
                                                "list",
                                                "string"
                                              ]
                                            }
                                          ]
                                        ],
                                        "matchFields": [
                                          "list",
                                          [
                                            "object",
                                            {
                                              "key": "string",
                                              "operator": "string",
                                              "values": [
                                                "list",
                                                "string"
                                              ]
                                            }
                                          ]
                                        ]
                                      }
                                    ]
                                  ]
                                }
                              ]
                            }
                          ],
                          "podAffinity": [
                            "object",
                            {
                              "preferredDuringSchedulingIgnoredDuringExecution": [
                                "list",
                                [
                                  "object",
                                  {
                                    "podAffinityTerm": [
                                      "object",
                                      {
                                        "labelSelector": [
                                          "object",
                                          {
                                            "matchExpressions": [
                                              "list",
                                              [
                                                "object",
                                                {
                                                  "key": "string",
                                                  "operator": "string",
                                                  "values": [
                                                    "list",
                                                    "string"
                                                  ]
                                                }
                                              ]
                                            ],
                                            "matchLabels": [
                                              "map",
                                              "string"
                                            ]
                                          }
                                        ],
                                        "matchLabelKeys": [
                                          "list",
                                          "string"
                                        ],
                                        "mismatchLabelKeys": [
                                          "list",
                                          "string"
                                        ],
                                        "namespaceSelector": [
                                          "object",
                                          {
                                            "matchExpressions": [
                                              "list",
                                              [
                                                "object",
                                                {
                                                  "key": "string",
                                                  "operator": "string",
                                                  "values": [
                                                    "list",
                                                    "string"
                                                  ]
                                                }
                                              ]
                                            ],
                                            "matchLabels": [
                                              "map",
                                              "string"
                                            ]
                                          }
                                        ],
                                        "namespaces": [
                                          "list",
                                          "string"
                                        ],
                                        "topologyKey": "string"
                                      }
                                    ],
                                    "weight": "number"
                                  }
                                ]
                              ],
                              "requiredDuringSchedulingIgnoredDuringExecution": [
                                "list",
                                [
                                  "object",
                                  {
                                    "labelSelector": [
                                      "object",
                                      {
                                        "matchExpressions": [
                                          "list",
                                          [
                                            "object",
                                            {
                                              "key": "string",
                                              "operator": "string",
                                              "values": [
                                                "list",
                                                "string"
                                              ]
                                            }
                                          ]
                                        ],
                                        "matchLabels": [
                                          "map",
                                          "string"
                                        ]
                                      }
                                    ],
                                    "matchLabelKeys": [
                                      "list",
                                      "string"
                                    ],
                                    "mismatchLabelKeys": [
                                      "list",
                                      "string"
                                    ],
                                    "namespaceSelector": [
                                      "object",
                                      {
                                        "matchExpressions": [
                                          "list",
                                          [
                                            "object",
                                            {
                                              "key": "string",
                                              "operator": "string",
                                              "values": [
                                                "list",
                                                "string"
                                              ]
                                            }
                                          ]
                                        ],
                                        "matchLabels": [
                                          "map",
                                          "string"
                                        ]
                                      }
                                    ],
                                    "namespaces": [
                                      "list",
                                      "string"
                                    ],
                                    "topologyKey": "string"
                                  }
                                ]
                              ]
                            }
                          ],
                          "podAntiAffinity": [
                            "object",
                            {
                              "preferredDuringSchedulingIgnoredDuringExecution": [
                                "list",
                                [
                                  "object",
                                  {
                                    "podAffinityTerm": [
                                      "object",
                                      {
                                        "labelSelector": [
                                          "object",
                                          {
                                            "matchExpressions": [
                                              "list",
                                              [
                                                "object",
                                                {
                                                  "key": "string",
                                                  "operator": "string",
                                                  "values": [
                                                    "list",
                                                    "string"
                                                  ]
                                                }
                                              ]
                                            ],
                                            "matchLabels": [
                                              "map",
                                              "string"
                                            ]
                                          }
                                        ],
                                        "matchLabelKeys": [
                                          "list",
                                          "string"
                                        ],
                                        "mismatchLabelKeys": [
                                          "list",
                                          "string"
                                        ],
                                        "namespaceSelector": [
                                          "object",
                                          {
                                            "matchExpressions": [
                                              "list",
                                              [
                                                "object",
                                                {
                                                  "key": "string",
                                                  "operator": "string",
                                                  "values": [
                                                    "list",
                                                    "string"
                                                  ]
                                                }
                                              ]
                                            ],
                                            "matchLabels": [
                                              "map",
                                              "string"
                                            ]
                                          }
                                        ],
                                        "namespaces": [
                                          "list",
                                          "string"
                                        ],
                                        "topologyKey": "string"
                                      }
                                    ],
                                    "weight": "number"
                                  }
                                ]
                              ],
                              "requiredDuringSchedulingIgnoredDuringExecution": [
                                "list",
                                [
                                  "object",
                                  {
                                    "labelSelector": [
                                      "object",
                                      {
                                        "matchExpressions": [
                                          "list",
                                          [
                                            "object",
                                            {
                                              "key": "string",
                                              "operator": "string",
                                              "values": [
                                                "list",
                                                "string"
                                              ]
                                            }
                                          ]
                                        ],
                                        "matchLabels": [
                                          "map",
                                          "string"
                                        ]
                                      }
                                    ],
                                    "matchLabelKeys": [
                                      "list",
                                      "string"
                                    ],
                                    "mismatchLabelKeys": [
                                      "list",
                                      "string"
                                    ],
                                    "namespaceSelector": [
                                      "object",
                                      {
                                        "matchExpressions": [
                                          "list",
                                          [
                                            "object",
                                            {
                                              "key": "string",
                                              "operator": "string",
                                              "values": [
                                                "list",
                                                "string"
                                              ]
                                            }
                                          ]
                                        ],
                                        "matchLabels": [
                                          "map",
                                          "string"
                                        ]
                                      }
                                    ],
                                    "namespaces": [
                                      "list",
                                      "string"
                                    ],
                                    "topologyKey": "string"
                                  }
                                ]
                              ]
                            }
                          ]
                        }
                      ],
                      "automountServiceAccountToken": "bool",
                      "containers": [
                        "list",
                        [
                          "object",
                          {
                            "args": [
                              "list",
                              "string"
                            ],
                            "command": [
                              "list",
                              "string"
                            ],
                            "env": [
                              "list",
                              [
                                "object",
                                {
                                  "name": "string",
                                  "value": "string",
                                  "valueFrom": [
                                    "object",
                                    {
                                      "configMapKeyRef": [
                                        "object",
                                        {
                                          "key": "string",
                                          "name": "string",
                                          "optional": "bool"
                                        }
                                      ],
                                      "fieldRef": [
                                        "object",
                                        {
                                          "apiVersion": "string",
                                          "fieldPath": "string"
                                        }
                                      ],
                                      "resourceFieldRef": [
                                        "object",
                                        {
                                          "containerName": "string",
                                          "divisor": "string",
                                          "resource": "string"
                                        }
                                      ],
                                      "secretKeyRef": [
                                        "object",
                                        {
                                          "key": "string",
                                          "name": "string",
                                          "optional": "bool"
                                        }
                                      ]
                                    }
                                  ]
                                }
                              ]
                            ],
                            "envFrom": [
                              "list",
                              [
                                "object",
                                {
                                  "configMapRef": [
                                    "object",
                                    {
                                      "name": "string",
                                      "optional": "bool"
                                    }
                                  ],
                                  "prefix": "string",
                                  "secretRef": [
                                    "object",
                                    {
                                      "name": "string",
                                      "optional": "bool"
                                    }
                                  ]
                                }
                              ]
                            ],
                            "image": "string",
                            "imagePullPolicy": "string",
                            "lifecycle": [
                              "object",
                              {
                                "postStart": [
                                  "object",
                                  {
                                    "exec": [
                                      "object",
                                      {
                                        "command": [
                                          "list",
                                          "string"
                                        ]
                                      }
                                    ],
                                    "httpGet": [
                                      "object",
                                      {
                                        "host": "string",
                                        "httpHeaders": [
                                          "list",
                                          [
                                            "object",
                                            {
                                              "name": "string",
                                              "value": "string"
                                            }
                                          ]
                                        ],
                                        "path": "string",
                                        "port": "string",
                                        "scheme": "string"
                                      }
                                    ],
                                    "sleep": [
                                      "object",
                                      {
                                        "seconds": "number"
                                      }
                                    ],
                                    "tcpSocket": [
                                      "object",
                                      {
                                        "host": "string",
                                        "port": "string"
                                      }
                                    ]
                                  }
                                ],
                                "preStop": [
                                  "object",
                                  {
                                    "exec": [
                                      "object",
                                      {
                                        "command": [
                                          "list",
                                          "string"
                                        ]
                                      }
                                    ],
                                    "httpGet": [
                                      "object",
                                      {
                                        "host": "string",
                                        "httpHeaders": [
                                          "list",
                                          [
                                            "object",
                                            {
                                              "name": "string",
                                              "value": "string"
                                            }
                                          ]
                                        ],
                                        "path": "string",
                                        "port": "string",
                                        "scheme": "string"
                                      }
                                    ],
                                    "sleep": [
                                      "object",
                                      {
                                        "seconds": "number"
                                      }
                                    ],
                                    "tcpSocket": [
                                      "object",
                                      {
                                        "host": "string",
                                        "port": "string"
                                      }
                                    ]
                                  }
                                ]
                              }
                            ],
                            "livenessProbe": [
                              "object",
                              {
                                "exec": [
                                  "object",
                                  {
                                    "command": [
                                      "list",
                                      "string"
                                    ]
                                  }
                                ],
                                "failureThreshold": "number",
                                "grpc": [
                                  "object",
                                  {
                                    "port": "number",
                                    "service": "string"
                                  }
                                ],
                                "httpGet": [
                                  "object",
                                  {
                                    "host": "string",
                                    "httpHeaders": [
                                      "list",
                                      [
                                        "object",
                                        {
                                          "name": "string",
                                          "value": "string"
                                        }
                                      ]
                                    ],
                                    "path": "string",
                                    "port": "string",
                                    "scheme": "string"
                                  }
                                ],
                                "initialDelaySeconds": "number",
                                "periodSeconds": "number",
                                "successThreshold": "number",
                                "tcpSocket": [
                                  "object",
                                  {
                                    "host": "string",
                                    "port": "string"
                                  }
                                ],
                                "terminationGracePeriodSeconds": "number",
                                "timeoutSeconds": "number"
                              }
                            ],
                            "name": "string",
                            "ports": [
                              "list",
                              [
                                "object",
                                {
                                  "containerPort": "number",
                                  "hostIP": "string",
                                  "hostPort": "number",
                                  "name": "string",
                                  "protocol": "string"
                                }
                              ]
                            ],
                            "readinessProbe": [
                              "object",
                              {
                                "exec": [
                                  "object",
                                  {
                                    "command": [
                                      "list",
                                      "string"
                                    ]
                                  }
                                ],
                                "failureThreshold": "number",
                                "grpc": [
                                  "object",
                                  {
                                    "port": "number",
                                    "service": "string"
                                  }
                                ],
                                "httpGet": [
                                  "object",
                                  {
                                    "host": "string",
                                    "httpHeaders": [
                                      "list",
                                      [
                                        "object",
                                        {
                                          "name": "string",
                                          "value": "string"
                                        }
                                      ]
                                    ],
                                    "path": "string",
                                    "port": "string",
                                    "scheme": "string"
                                  }
                                ],
                                "initialDelaySeconds": "number",
                                "periodSeconds": "number",
                                "successThreshold": "number",
                                "tcpSocket": [
                                  "object",
                                  {
                                    "host": "string",
                                    "port": "string"
                                  }
                                ],
                                "terminationGracePeriodSeconds": "number",
                                "timeoutSeconds": "number"
                              }
                            ],
                            "resizePolicy": [
                              "list",
                              [
                                "object",
                                {
                                  "resourceName": "string",
                                  "restartPolicy": "string"
                                }
                              ]
                            ],
                            "resources": [
                              "object",
                              {
                                "claims": [
                                  "list",
                                  [
                                    "object",
                                    {
                                      "name": "string",
                                      "request": "string"
                                    }
                                  ]
                                ],
                                "limits": [
                                  "map",
                                  "string"
                                ],
                                "requests": [
                                  "map",
                                  "string"
                                ]
                              }
                            ],
                            "restartPolicy": "string",
                            "securityContext": [
                              "object",
                              {
                                "allowPrivilegeEscalation": "bool",
                                "appArmorProfile": [
                                  "object",
                                  {
                                    "localhostProfile": "string",
                                    "type": "string"
                                  }
                                ],
                                "capabilities": [
                                  "object",
                                  {
                                    "add": [
                                      "list",
                                      "string"
                                    ],
                                    "drop": [
                                      "list",
                                      "string"
                                    ]
                                  }
                                ],
                                "privileged": "bool",
                                "procMount": "string",
                                "readOnlyRootFilesystem": "bool",
                                "runAsGroup": "number",
                                "runAsNonRoot": "bool",
                                "runAsUser": "number",
                                "seLinuxOptions": [
                                  "object",
                                  {
                                    "level": "string",
                                    "role": "string",
                                    "type": "string",
                                    "user": "string"
                                  }
                                ],
                                "seccompProfile": [
                                  "object",
                                  {
                                    "localhostProfile": "string",
                                    "type": "string"
                                  }
                                ],
                                "windowsOptions": [
                                  "object",
                                  {
                                    "gmsaCredentialSpec": "string",
                                    "gmsaCredentialSpecName": "string",
                                    "hostProcess": "bool",
                                    "runAsUserName": "string"
                                  }
                                ]
                              }
                            ],
                            "startupProbe": [
                              "object",
                              {
                                "exec": [
                                  "object",
                                  {
                                    "command": [
                                      "list",
                                      "string"
                                    ]
                                  }
                                ],
                                "failureThreshold": "number",
                                "grpc": [
                                  "object",
                                  {
                                    "port": "number",
                                    "service": "string"
                                  }
                                ],
                                "httpGet": [
                                  "object",
                                  {
                                    "host": "string",
                                    "httpHeaders": [
                                      "list",
                                      [
                                        "object",
                                        {
                                          "name": "string",
                                          "value": "string"
                                        }
                                      ]
                                    ],
                                    "path": "string",
                                    "port": "string",
                                    "scheme": "string"
                                  }
                                ],
                                "initialDelaySeconds": "number",
                                "periodSeconds": "number",
                                "successThreshold": "number",
                                "tcpSocket": [
                                  "object",
                                  {
                                    "host": "string",
                                    "port": "string"
                                  }
                                ],
                                "terminationGracePeriodSeconds": "number",
                                "timeoutSeconds": "number"
                              }
                            ],
                            "stdin": "bool",
                            "stdinOnce": "bool",
                            "terminationMessagePath": "string",
                            "terminationMessagePolicy": "string",
                            "tty": "bool",
                            "volumeDevices": [
                              "list",
                              [
                                "object",
                                {
                                  "devicePath": "string",
                                  "name": "string"
                                }
                              ]
                            ],
                            "volumeMounts": [
                              "list",
                              [
                                "object",
                                {
                                  "mountPath": "string",
                                  "mountPropagation": "string",
                                  "name": "string",
                                  "readOnly": "bool",
                                  "recursiveReadOnly": "string",
                                  "subPath": "string",
                                  "subPathExpr": "string"
                                }
                              ]
                            ],
                            "workingDir": "string"
                          }
                        ]
                      ],
                      "dnsConfig": [
                        "object",
                        {
                          "nameservers": [
                            "list",
                            "string"
                          ],
                          "options": [
                            "list",
                            [
                              "object",
                              {
                                "name": "string",
                                "value": "string"
                              }
                            ]
                          ],
                          "searches": [
                            "list",
                            "string"
                          ]
                        }
                      ],
                      "dnsPolicy": "string",
                      "enableServiceLinks": "bool",
                      "ephemeralContainers": [
                        "list",
                        [
                          "object",
                          {
                            "args": [
                              "list",
                              "string"
                            ],
                            "command": [
                              "list",
                              "string"
                            ],
                            "env": [
                              "list",
                              [
                                "object",
                                {
                                  "name": "string",
                                  "value": "string",
                                  "valueFrom": [
                                    "object",
                                    {
                                      "configMapKeyRef": [
                                        "object",
                                        {
                                          "key": "string",
                                          "name": "string",
                                          "optional": "bool"
                                        }
                                      ],
                                      "fieldRef": [
                                        "object",
                                        {
                                          "apiVersion": "string",
                                          "fieldPath": "string"
                                        }
                                      ],
                                      "resourceFieldRef": [
                                        "object",
                                        {
                                          "containerName": "string",
                                          "divisor": "string",
                                          "resource": "string"
                                        }
                                      ],
                                      "secretKeyRef": [
                                        "object",
                                        {
                                          "key": "string",
                                          "name": "string",
                                          "optional": "bool"
                                        }
                                      ]
                                    }
                                  ]
                                }
                              ]
                            ],
                            "envFrom": [
                              "list",
                              [
                                "object",
                                {
                                  "configMapRef": [
                                    "object",
                                    {
                                      "name": "string",
                                      "optional": "bool"
                                    }
                                  ],
                                  "prefix": "string",
                                  "secretRef": [
                                    "object",
                                    {
                                      "name": "string",
                                      "optional": "bool"
                                    }
                                  ]
                                }
                              ]
                            ],
                            "image": "string",
                            "imagePullPolicy": "string",
                            "lifecycle": [
                              "object",
                              {
                                "postStart": [
                                  "object",
                                  {
                                    "exec": [
                                      "object",
                                      {
                                        "command": [
                                          "list",
                                          "string"
                                        ]
                                      }
                                    ],
                                    "httpGet": [
                                      "object",
                                      {
                                        "host": "string",
                                        "httpHeaders": [
                                          "list",
                                          [
                                            "object",
                                            {
                                              "name": "string",
                                              "value": "string"
                                            }
                                          ]
                                        ],
                                        "path": "string",
                                        "port": "string",
                                        "scheme": "string"
                                      }
                                    ],
                                    "sleep": [
                                      "object",
                                      {
                                        "seconds": "number"
                                      }
                                    ],
                                    "tcpSocket": [
                                      "object",
                                      {
                                        "host": "string",
                                        "port": "string"
                                      }
                                    ]
                                  }
                                ],
                                "preStop": [
                                  "object",
                                  {
                                    "exec": [
                                      "object",
                                      {
                                        "command": [
                                          "list",
                                          "string"
                                        ]
                                      }
                                    ],
                                    "httpGet": [
                                      "object",
                                      {
                                        "host": "string",
                                        "httpHeaders": [
                                          "list",
                                          [
                                            "object",
                                            {
                                              "name": "string",
                                              "value": "string"
                                            }
                                          ]
                                        ],
                                        "path": "string",
                                        "port": "string",
                                        "scheme": "string"
                                      }
                                    ],
                                    "sleep": [
                                      "object",
                                      {
                                        "seconds": "number"
                                      }
                                    ],
                                    "tcpSocket": [
                                      "object",
                                      {
                                        "host": "string",
                                        "port": "string"
                                      }
                                    ]
                                  }
                                ]
                              }
                            ],
                            "livenessProbe": [
                              "object",
                              {
                                "exec": [
                                  "object",
                                  {
                                    "command": [
                                      "list",
                                      "string"
                                    ]
                                  }
                                ],
                                "failureThreshold": "number",
                                "grpc": [
                                  "object",
                                  {
                                    "port": "number",
                                    "service": "string"
                                  }
                                ],
                                "httpGet": [
                                  "object",
                                  {
                                    "host": "string",
                                    "httpHeaders": [
                                      "list",
                                      [
                                        "object",
                                        {
                                          "name": "string",
                                          "value": "string"
                                        }
                                      ]
                                    ],
                                    "path": "string",
                                    "port": "string",
                                    "scheme": "string"
                                  }
                                ],
                                "initialDelaySeconds": "number",
                                "periodSeconds": "number",
                                "successThreshold": "number",
                                "tcpSocket": [
                                  "object",
                                  {
                                    "host": "string",
                                    "port": "string"
                                  }
                                ],
                                "terminationGracePeriodSeconds": "number",
                                "timeoutSeconds": "number"
                              }
                            ],
                            "name": "string",
                            "ports": [
                              "list",
                              [
                                "object",
                                {
                                  "containerPort": "number",
                                  "hostIP": "string",
                                  "hostPort": "number",
                                  "name": "string",
                                  "protocol": "string"
                                }
                              ]
                            ],
                            "readinessProbe": [
                              "object",
                              {
                                "exec": [
                                  "object",
                                  {
                                    "command": [
                                      "list",
                                      "string"
                                    ]
                                  }
                                ],
                                "failureThreshold": "number",
                                "grpc": [
                                  "object",
                                  {
                                    "port": "number",
                                    "service": "string"
                                  }
                                ],
                                "httpGet": [
                                  "object",
                                  {
                                    "host": "string",
                                    "httpHeaders": [
                                      "list",
                                      [
                                        "object",
                                        {
                                          "name": "string",
                                          "value": "string"
                                        }
                                      ]
                                    ],
                                    "path": "string",
                                    "port": "string",
                                    "scheme": "string"
                                  }
                                ],
                                "initialDelaySeconds": "number",
                                "periodSeconds": "number",
                                "successThreshold": "number",
                                "tcpSocket": [
                                  "object",
                                  {
                                    "host": "string",
                                    "port": "string"
                                  }
                                ],
                                "terminationGracePeriodSeconds": "number",
                                "timeoutSeconds": "number"
                              }
                            ],
                            "resizePolicy": [
                              "list",
                              [
                                "object",
                                {
                                  "resourceName": "string",
                                  "restartPolicy": "string"
                                }
                              ]
                            ],
                            "resources": [
                              "object",
                              {
                                "claims": [
                                  "list",
                                  [
                                    "object",
                                    {
                                      "name": "string",
                                      "request": "string"
                                    }
                                  ]
                                ],
                                "limits": [
                                  "map",
                                  "string"
                                ],
                                "requests": [
                                  "map",
                                  "string"
                                ]
                              }
                            ],
                            "restartPolicy": "string",
                            "securityContext": [
                              "object",
                              {
                                "allowPrivilegeEscalation": "bool",
                                "appArmorProfile": [
                                  "object",
                                  {
                                    "localhostProfile": "string",
                                    "type": "string"
                                  }
                                ],
                                "capabilities": [
                                  "object",
                                  {
                                    "add": [
                                      "list",
                                      "string"
                                    ],
                                    "drop": [
                                      "list",
                                      "string"
                                    ]
                                  }
                                ],
                                "privileged": "bool",
                                "procMount": "string",
                                "readOnlyRootFilesystem": "bool",
                                "runAsGroup": "number",
                                "runAsNonRoot": "bool",
                                "runAsUser": "number",
                                "seLinuxOptions": [
                                  "object",
                                  {
                                    "level": "string",
                                    "role": "string",
                                    "type": "string",
                                    "user": "string"
                                  }
                                ],
                                "seccompProfile": [
                                  "object",
                                  {
                                    "localhostProfile": "string",
                                    "type": "string"
                                  }
                                ],
                                "windowsOptions": [
                                  "object",
                                  {
                                    "gmsaCredentialSpec": "string",
                                    "gmsaCredentialSpecName": "string",
                                    "hostProcess": "bool",
                                    "runAsUserName": "string"
                                  }
                                ]
                              }
                            ],
                            "startupProbe": [
                              "object",
                              {
                                "exec": [
                                  "object",
                                  {
                                    "command": [
                                      "list",
                                      "string"
                                    ]
                                  }
                                ],
                                "failureThreshold": "number",
                                "grpc": [
                                  "object",
                                  {
                                    "port": "number",
                                    "service": "string"
                                  }
                                ],
                                "httpGet": [
                                  "object",
                                  {
                                    "host": "string",
                                    "httpHeaders": [
                                      "list",
                                      [
                                        "object",
                                        {
                                          "name": "string",
                                          "value": "string"
                                        }
                                      ]
                                    ],
                                    "path": "string",
                                    "port": "string",
                                    "scheme": "string"
                                  }
                                ],
                                "initialDelaySeconds": "number",
                                "periodSeconds": "number",
                                "successThreshold": "number",
                                "tcpSocket": [
                                  "object",
                                  {
                                    "host": "string",
                                    "port": "string"
                                  }
                                ],
                                "terminationGracePeriodSeconds": "number",
                                "timeoutSeconds": "number"
                              }
                            ],
                            "stdin": "bool",
                            "stdinOnce": "bool",
                            "targetContainerName": "string",
                            "terminationMessagePath": "string",
                            "terminationMessagePolicy": "string",
                            "tty": "bool",
                            "volumeDevices": [
                              "list",
                              [
                                "object",
                                {
                                  "devicePath": "string",
                                  "name": "string"
                                }
                              ]
                            ],
                            "volumeMounts": [
                              "list",
                              [
                                "object",
                                {
                                  "mountPath": "string",
                                  "mountPropagation": "string",
                                  "name": "string",
                                  "readOnly": "bool",
                                  "recursiveReadOnly": "string",
                                  "subPath": "string",
                                  "subPathExpr": "string"
                                }
                              ]
                            ],
                            "workingDir": "string"
                          }
                        ]
                      ],
                      "hostAliases": [
                        "list",
                        [
                          "object",
                          {
                            "hostnames": [
                              "list",
                              "string"
                            ],
                            "ip": "string"
                          }
                        ]
                      ],
                      "hostIPC": "bool",
                      "hostNetwork": "bool",
                      "hostPID": "bool",
                      "hostUsers": "bool",
                      "hostname": "string",
                      "imagePullSecrets": [
                        "list",
                        [
                          "object",
                          {
                            "name": "string"
                          }
                        ]
                      ],
                      "initContainers": [
                        "list",
                        [
                          "object",
                          {
                            "args": [
                              "list",
                              "string"
                            ],
                            "command": [
                              "list",
                              "string"
                            ],
                            "env": [
                              "list",
                              [
                                "object",
                                {
                                  "name": "string",
                                  "value": "string",
                                  "valueFrom": [
                                    "object",
                                    {
                                      "configMapKeyRef": [
                                        "object",
                                        {
                                          "key": "string",
                                          "name": "string",
                                          "optional": "bool"
                                        }
                                      ],
                                      "fieldRef": [
                                        "object",
                                        {
                                          "apiVersion": "string",
                                          "fieldPath": "string"
                                        }
                                      ],
                                      "resourceFieldRef": [
                                        "object",
                                        {
                                          "containerName": "string",
                                          "divisor": "string",
                                          "resource": "string"
                                        }
                                      ],
                                      "secretKeyRef": [
                                        "object",
                                        {
                                          "key": "string",
                                          "name": "string",
                                          "optional": "bool"
                                        }
                                      ]
                                    }
                                  ]
                                }
                              ]
                            ],
                            "envFrom": [
                              "list",
                              [
                                "object",
                                {
                                  "configMapRef": [
                                    "object",
                                    {
                                      "name": "string",
                                      "optional": "bool"
                                    }
                                  ],
                                  "prefix": "string",
                                  "secretRef": [
                                    "object",
                                    {
                                      "name": "string",
                                      "optional": "bool"
                                    }
                                  ]
                                }
                              ]
                            ],
                            "image": "string",
                            "imagePullPolicy": "string",
                            "lifecycle": [
                              "object",
                              {
                                "postStart": [
                                  "object",
                                  {
                                    "exec": [
                                      "object",
                                      {
                                        "command": [
                                          "list",
                                          "string"
                                        ]
                                      }
                                    ],
                                    "httpGet": [
                                      "object",
                                      {
                                        "host": "string",
                                        "httpHeaders": [
                                          "list",
                                          [
                                            "object",
                                            {
                                              "name": "string",
                                              "value": "string"
                                            }
                                          ]
                                        ],
                                        "path": "string",
                                        "port": "string",
                                        "scheme": "string"
                                      }
                                    ],
                                    "sleep": [
                                      "object",
                                      {
                                        "seconds": "number"
                                      }
                                    ],
                                    "tcpSocket": [
                                      "object",
                                      {
                                        "host": "string",
                                        "port": "string"
                                      }
                                    ]
                                  }
                                ],
                                "preStop": [
                                  "object",
                                  {
                                    "exec": [
                                      "object",
                                      {
                                        "command": [
                                          "list",
                                          "string"
                                        ]
                                      }
                                    ],
                                    "httpGet": [
                                      "object",
                                      {
                                        "host": "string",
                                        "httpHeaders": [
                                          "list",
                                          [
                                            "object",
                                            {
                                              "name": "string",
                                              "value": "string"
                                            }
                                          ]
                                        ],
                                        "path": "string",
                                        "port": "string",
                                        "scheme": "string"
                                      }
                                    ],
                                    "sleep": [
                                      "object",
                                      {
                                        "seconds": "number"
                                      }
                                    ],
                                    "tcpSocket": [
                                      "object",
                                      {
                                        "host": "string",
                                        "port": "string"
                                      }
                                    ]
                                  }
                                ]
                              }
                            ],
                            "livenessProbe": [
                              "object",
                              {
                                "exec": [
                                  "object",
                                  {
                                    "command": [
                                      "list",
                                      "string"
                                    ]
                                  }
                                ],
                                "failureThreshold": "number",
                                "grpc": [
                                  "object",
                                  {
                                    "port": "number",
                                    "service": "string"
                                  }
                                ],
                                "httpGet": [
                                  "object",
                                  {
                                    "host": "string",
                                    "httpHeaders": [
                                      "list",
                                      [
                                        "object",
                                        {
                                          "name": "string",
                                          "value": "string"
                                        }
                                      ]
                                    ],
                                    "path": "string",
                                    "port": "string",
                                    "scheme": "string"
                                  }
                                ],
                                "initialDelaySeconds": "number",
                                "periodSeconds": "number",
                                "successThreshold": "number",
                                "tcpSocket": [
                                  "object",
                                  {
                                    "host": "string",
                                    "port": "string"
                                  }
                                ],
                                "terminationGracePeriodSeconds": "number",
                                "timeoutSeconds": "number"
                              }
                            ],
                            "name": "string",
                            "ports": [
                              "list",
                              [
                                "object",
                                {
                                  "containerPort": "number",
                                  "hostIP": "string",
                                  "hostPort": "number",
                                  "name": "string",
                                  "protocol": "string"
                                }
                              ]
                            ],
                            "readinessProbe": [
                              "object",
                              {
                                "exec": [
                                  "object",
                                  {
                                    "command": [
                                      "list",
                                      "string"
                                    ]
                                  }
                                ],
                                "failureThreshold": "number",
                                "grpc": [
                                  "object",
                                  {
                                    "port": "number",
                                    "service": "string"
                                  }
                                ],
                                "httpGet": [
                                  "object",
                                  {
                                    "host": "string",
                                    "httpHeaders": [
                                      "list",
                                      [
                                        "object",
                                        {
                                          "name": "string",
                                          "value": "string"
                                        }
                                      ]
                                    ],
                                    "path": "string",
                                    "port": "string",
                                    "scheme": "string"
                                  }
                                ],
                                "initialDelaySeconds": "number",
                                "periodSeconds": "number",
                                "successThreshold": "number",
                                "tcpSocket": [
                                  "object",
                                  {
                                    "host": "string",
                                    "port": "string"
                                  }
                                ],
                                "terminationGracePeriodSeconds": "number",
                                "timeoutSeconds": "number"
                              }
                            ],
                            "resizePolicy": [
                              "list",
                              [
                                "object",
                                {
                                  "resourceName": "string",
                                  "restartPolicy": "string"
                                }
                              ]
                            ],
                            "resources": [
                              "object",
                              {
                                "claims": [
                                  "list",
                                  [
                                    "object",
                                    {
                                      "name": "string",
                                      "request": "string"
                                    }
                                  ]
                                ],
                                "limits": [
                                  "map",
                                  "string"
                                ],
                                "requests": [
                                  "map",
                                  "string"
                                ]
                              }
                            ],
                            "restartPolicy": "string",
                            "securityContext": [
                              "object",
                              {
                                "allowPrivilegeEscalation": "bool",
                                "appArmorProfile": [
                                  "object",
                                  {
                                    "localhostProfile": "string",
                                    "type": "string"
                                  }
                                ],
                                "capabilities": [
                                  "object",
                                  {
                                    "add": [
                                      "list",
                                      "string"
                                    ],
                                    "drop": [
                                      "list",
                                      "string"
                                    ]
                                  }
                                ],
                                "privileged": "bool",
                                "procMount": "string",
                                "readOnlyRootFilesystem": "bool",
                                "runAsGroup": "number",
                                "runAsNonRoot": "bool",
                                "runAsUser": "number",
                                "seLinuxOptions": [
                                  "object",
                                  {
                                    "level": "string",
                                    "role": "string",
                                    "type": "string",
                                    "user": "string"
                                  }
                                ],
                                "seccompProfile": [
                                  "object",
                                  {
                                    "localhostProfile": "string",
                                    "type": "string"
                                  }
                                ],
                                "windowsOptions": [
                                  "object",
                                  {
                                    "gmsaCredentialSpec": "string",
                                    "gmsaCredentialSpecName": "string",
                                    "hostProcess": "bool",
                                    "runAsUserName": "string"
                                  }
                                ]
                              }
                            ],
                            "startupProbe": [
                              "object",
                              {
                                "exec": [
                                  "object",
                                  {
                                    "command": [
                                      "list",
                                      "string"
                                    ]
                                  }
                                ],
                                "failureThreshold": "number",
                                "grpc": [
                                  "object",
                                  {
                                    "port": "number",
                                    "service": "string"
                                  }
                                ],
                                "httpGet": [
                                  "object",
                                  {
                                    "host": "string",
                                    "httpHeaders": [
                                      "list",
                                      [
                                        "object",
                                        {
                                          "name": "string",
                                          "value": "string"
                                        }
                                      ]
                                    ],
                                    "path": "string",
                                    "port": "string",
                                    "scheme": "string"
                                  }
                                ],
                                "initialDelaySeconds": "number",
                                "periodSeconds": "number",
                                "successThreshold": "number",
                                "tcpSocket": [
                                  "object",
                                  {
                                    "host": "string",
                                    "port": "string"
                                  }
                                ],
                                "terminationGracePeriodSeconds": "number",
                                "timeoutSeconds": "number"
                              }
                            ],
                            "stdin": "bool",
                            "stdinOnce": "bool",
                            "terminationMessagePath": "string",
                            "terminationMessagePolicy": "string",
                            "tty": "bool",
                            "volumeDevices": [
                              "list",
                              [
                                "object",
                                {
                                  "devicePath": "string",
                                  "name": "string"
                                }
                              ]
                            ],
                            "volumeMounts": [
                              "list",
                              [
                                "object",
                                {
                                  "mountPath": "string",
                                  "mountPropagation": "string",
                                  "name": "string",
                                  "readOnly": "bool",
                                  "recursiveReadOnly": "string",
                                  "subPath": "string",
                                  "subPathExpr": "string"
                                }
                              ]
                            ],
                            "workingDir": "string"
                          }
                        ]
                      ],
                      "nodeName": "string",
                      "nodeSelector": [
                        "map",
                        "string"
                      ],
                      "os": [
                        "object",
                        {
                          "name": "string"
                        }
                      ],
                      "overhead": [
                        "map",
                        "string"
                      ],
                      "preemptionPolicy": "string",
                      "priority": "number",
                      "priorityClassName": "string",
                      "readinessGates": [
                        "list",
                        [
                          "object",
                          {
                            "conditionType": "string"
                          }
                        ]
                      ],
                      "resourceClaims": [
                        "list",
                        [
                          "object",
                          {
                            "name": "string",
                            "resourceClaimName": "string",
                            "resourceClaimTemplateName": "string"
                          }
                        ]
                      ],
                      "restartPolicy": "string",
                      "runtimeClassName": "string",
                      "schedulerName": "string",
                      "schedulingGates": [
                        "list",
                        [
                          "object",
                          {
                            "name": "string"
                          }
                        ]
                      ],
                      "securityContext": [
                        "object",
                        {
                          "appArmorProfile": [
                            "object",
                            {
                              "localhostProfile": "string",
                              "type": "string"
                            }
                          ],
                          "fsGroup": "number",
                          "fsGroupChangePolicy": "string",
                          "runAsGroup": "number",
                          "runAsNonRoot": "bool",
                          "runAsUser": "number",
                          "seLinuxOptions": [
                            "object",
                            {
                              "level": "string",
                              "role": "string",
                              "type": "string",
                              "user": "string"
                            }
                          ],
                          "seccompProfile": [
                            "object",
                            {
                              "localhostProfile": "string",
                              "type": "string"
                            }
                          ],
                          "supplementalGroups": [
                            "list",
                            "number"
                          ],
                          "supplementalGroupsPolicy": "string",
                          "sysctls": [
                            "list",
                            [
                              "object",
                              {
                                "name": "string",
                                "value": "string"
                              }
                            ]
                          ],
                          "windowsOptions": [
                            "object",
                            {
                              "gmsaCredentialSpec": "string",
                              "gmsaCredentialSpecName": "string",
                              "hostProcess": "bool",
                              "runAsUserName": "string"
                            }
                          ]
                        }
                      ],
                      "serviceAccount": "string",
                      "serviceAccountName": "string",
                      "setHostnameAsFQDN": "bool",
                      "shareProcessNamespace": "bool",
                      "subdomain": "string",
                      "terminationGracePeriodSeconds": "number",
                      "tolerations": [
                        "list",
                        [
                          "object",
                          {
                            "effect": "string",
                            "key": "string",
                            "operator": "string",
                            "tolerationSeconds": "number",
                            "value": "string"
                          }
                        ]
                      ],
                      "topologySpreadConstraints": [
                        "list",
                        [
                          "object",
                          {
                            "labelSelector": [
                              "object",
                              {
                                "matchExpressions": [
                                  "list",
                                  [
                                    "object",
                                    {
                                      "key": "string",
                                      "operator": "string",
                                      "values": [
                                        "list",
                                        "string"
                                      ]
                                    }
                                  ]
                                ],
                                "matchLabels": [
                                  "map",
                                  "string"
                                ]
                              }
                            ],
                            "matchLabelKeys": [
                              "list",
                              "string"
                            ],
                            "maxSkew": "number",
                            "minDomains": "number",
                            "nodeAffinityPolicy": "string",
                            "nodeTaintsPolicy": "string",
                            "topologyKey": "string",
                            "whenUnsatisfiable": "string"
                          }
                        ]
                      ],
                      "volumes": [
                        "tuple",
                        [
                          [
                            "object",
                            {
                              "awsElasticBlockStore": [
                                "object",
                                {
                                  "fsType": "string",
                                  "partition": "number",
                                  "readOnly": "bool",
                                  "volumeID": "string"
                                }
                              ],
                              "azureDisk": [
                                "object",
                                {
                                  "cachingMode": "string",
                                  "diskName": "string",
                                  "diskURI": "string",
                                  "fsType": "string",
                                  "kind": "string",
                                  "readOnly": "bool"
                                }
                              ],
                              "azureFile": [
                                "object",
                                {
                                  "readOnly": "bool",
                                  "secretName": "string",
                                  "shareName": "string"
                                }
                              ],
                              "cephfs": [
                                "object",
                                {
                                  "monitors": [
                                    "list",
                                    "string"
                                  ],
                                  "path": "string",
                                  "readOnly": "bool",
                                  "secretFile": "string",
                                  "secretRef": [
                                    "object",
                                    {
                                      "name": "string"
                                    }
                                  ],
                                  "user": "string"
                                }
                              ],
                              "cinder": [
                                "object",
                                {
                                  "fsType": "string",
                                  "readOnly": "bool",
                                  "secretRef": [
                                    "object",
                                    {
                                      "name": "string"
                                    }
                                  ],
                                  "volumeID": "string"
                                }
                              ],
                              "configMap": [
                                "object",
                                {
                                  "defaultMode": "number",
                                  "items": [
                                    "list",
                                    [
                                      "object",
                                      {
                                        "key": "string",
                                        "mode": "number",
                                        "path": "string"
                                      }
                                    ]
                                  ],
                                  "name": "string",
                                  "optional": "bool"
                                }
                              ],
                              "csi": [
                                "object",
                                {
                                  "driver": "string",
                                  "fsType": "string",
                                  "nodePublishSecretRef": [
                                    "object",
                                    {
                                      "name": "string"
                                    }
                                  ],
                                  "readOnly": "bool",
                                  "volumeAttributes": [
                                    "map",
                                    "string"
                                  ]
                                }
                              ],
                              "downwardAPI": [
                                "object",
                                {
                                  "defaultMode": "number",
                                  "items": [
                                    "list",
                                    [
                                      "object",
                                      {
                                        "fieldRef": [
                                          "object",
                                          {
                                            "apiVersion": "string",
                                            "fieldPath": "string"
                                          }
                                        ],
                                        "mode": "number",
                                        "path": "string",
                                        "resourceFieldRef": [
                                          "object",
                                          {
                                            "containerName": "string",
                                            "divisor": "string",
                                            "resource": "string"
                                          }
                                        ]
                                      }
                                    ]
                                  ]
                                }
                              ],
                              "emptyDir": [
                                "object",
                                {
                                  "medium": "string",
                                  "sizeLimit": "string"
                                }
                              ],
                              "ephemeral": [
                                "object",
                                {
                                  "volumeClaimTemplate": [
                                    "object",
                                    {
                                      "metadata": [
                                        "object",
                                        {
                                          "annotations": [
                                            "map",
                                            "string"
                                          ],
                                          "creationTimestamp": "string",
                                          "deletionGracePeriodSeconds": "number",
                                          "deletionTimestamp": "string",
                                          "finalizers": [
                                            "list",
                                            "string"
                                          ],
                                          "generateName": "string",
                                          "generation": "number",
                                          "labels": [
                                            "map",
                                            "string"
                                          ],
                                          "managedFields": [
                                            "tuple",
                                            [
                                              [
                                                "object",
                                                {
                                                  "apiVersion": "string",
                                                  "fieldsType": "string",
                                                  "fieldsV1": "dynamic",
                                                  "manager": "string",
                                                  "operation": "string",
                                                  "subresource": "string",
                                                  "time": "string"
                                                }
                                              ]
                                            ]
                                          ],
                                          "name": "string",
                                          "namespace": "string",
                                          "ownerReferences": [
                                            "list",
                                            [
                                              "object",
                                              {
                                                "apiVersion": "string",
                                                "blockOwnerDeletion": "bool",
                                                "controller": "bool",
                                                "kind": "string",
                                                "name": "string",
                                                "uid": "string"
                                              }
                                            ]
                                          ],
                                          "resourceVersion": "string",
                                          "selfLink": "string",
                                          "uid": "string"
                                        }
                                      ],
                                      "spec": [
                                        "object",
                                        {
                                          "accessModes": [
                                            "list",
                                            "string"
                                          ],
                                          "dataSource": [
                                            "object",
                                            {
                                              "apiGroup": "string",
                                              "kind": "string",
                                              "name": "string"
                                            }
                                          ],
                                          "dataSourceRef": [
                                            "object",
                                            {
                                              "apiGroup": "string",
                                              "kind": "string",
                                              "name": "string",
                                              "namespace": "string"
                                            }
                                          ],
                                          "resources": [
                                            "object",
                                            {
                                              "limits": [
                                                "map",
                                                "string"
                                              ],
                                              "requests": [
                                                "map",
                                                "string"
                                              ]
                                            }
                                          ],
                                          "selector": [
                                            "object",
                                            {
                                              "matchExpressions": [
                                                "list",
                                                [
                                                  "object",
                                                  {
                                                    "key": "string",
                                                    "operator": "string",
                                                    "values": [
                                                      "list",
                                                      "string"
                                                    ]
                                                  }
                                                ]
                                              ],
                                              "matchLabels": [
                                                "map",
                                                "string"
                                              ]
                                            }
                                          ],
                                          "storageClassName": "string",
                                          "volumeAttributesClassName": "string",
                                          "volumeMode": "string",
                                          "volumeName": "string"
                                        }
                                      ]
                                    }
                                  ]
                                }
                              ],
                              "fc": [
                                "object",
                                {
                                  "fsType": "string",
                                  "lun": "number",
                                  "readOnly": "bool",
                                  "targetWWNs": [
                                    "list",
                                    "string"
                                  ],
                                  "wwids": [
                                    "list",
                                    "string"
                                  ]
                                }
                              ],
                              "flexVolume": [
                                "object",
                                {
                                  "driver": "string",
                                  "fsType": "string",
                                  "options": [
                                    "map",
                                    "string"
                                  ],
                                  "readOnly": "bool",
                                  "secretRef": [
                                    "object",
                                    {
                                      "name": "string"
                                    }
                                  ]
                                }
                              ],
                              "flocker": [
                                "object",
                                {
                                  "datasetName": "string",
                                  "datasetUUID": "string"
                                }
                              ],
                              "gcePersistentDisk": [
                                "object",
                                {
                                  "fsType": "string",
                                  "partition": "number",
                                  "pdName": "string",
                                  "readOnly": "bool"
                                }
                              ],
                              "gitRepo": [
                                "object",
                                {
                                  "directory": "string",
                                  "repository": "string",
                                  "revision": "string"
                                }
                              ],
                              "glusterfs": [
                                "object",
                                {
                                  "endpoints": "string",
                                  "path": "string",
                                  "readOnly": "bool"
                                }
                              ],
                              "hostPath": [
                                "object",
                                {
                                  "path": "string",
                                  "type": "string"
                                }
                              ],
                              "image": [
                                "object",
                                {
                                  "pullPolicy": "string",
                                  "reference": "string"
                                }
                              ],
                              "iscsi": [
                                "object",
                                {
                                  "chapAuthDiscovery": "bool",
                                  "chapAuthSession": "bool",
                                  "fsType": "string",
                                  "initiatorName": "string",
                                  "iqn": "string",
                                  "iscsiInterface": "string",
                                  "lun": "number",
                                  "portals": [
                                    "list",
                                    "string"
                                  ],
                                  "readOnly": "bool",
                                  "secretRef": [
                                    "object",
                                    {
                                      "name": "string"
                                    }
                                  ],
                                  "targetPortal": "string"
                                }
                              ],
                              "name": "string",
                              "nfs": [
                                "object",
                                {
                                  "path": "string",
                                  "readOnly": "bool",
                                  "server": "string"
                                }
                              ],
                              "persistentVolumeClaim": [
                                "object",
                                {
                                  "claimName": "string",
                                  "readOnly": "bool"
                                }
                              ],
                              "photonPersistentDisk": [
                                "object",
                                {
                                  "fsType": "string",
                                  "pdID": "string"
                                }
                              ],
                              "portworxVolume": [
                                "object",
                                {
                                  "fsType": "string",
                                  "readOnly": "bool",
                                  "volumeID": "string"
                                }
                              ],
                              "projected": [
                                "object",
                                {
                                  "defaultMode": "number",
                                  "sources": [
                                    "list",
                                    [
                                      "object",
                                      {
                                        "clusterTrustBundle": [
                                          "object",
                                          {
                                            "labelSelector": [
                                              "object",
                                              {
                                                "matchExpressions": [
                                                  "list",
                                                  [
                                                    "object",
                                                    {
                                                      "key": "string",
                                                      "operator": "string",
                                                      "values": [
                                                        "list",
                                                        "string"
                                                      ]
                                                    }
                                                  ]
                                                ],
                                                "matchLabels": [
                                                  "map",
                                                  "string"
                                                ]
                                              }
                                            ],
                                            "name": "string",
                                            "optional": "bool",
                                            "path": "string",
                                            "signerName": "string"
                                          }
                                        ],
                                        "configMap": [
                                          "object",
                                          {
                                            "items": [
                                              "list",
                                              [
                                                "object",
                                                {
                                                  "key": "string",
                                                  "mode": "number",
                                                  "path": "string"
                                                }
                                              ]
                                            ],
                                            "name": "string",
                                            "optional": "bool"
                                          }
                                        ],
                                        "downwardAPI": [
                                          "object",
                                          {
                                            "items": [
                                              "list",
                                              [
                                                "object",
                                                {
                                                  "fieldRef": [
                                                    "object",
                                                    {
                                                      "apiVersion": "string",
                                                      "fieldPath": "string"
                                                    }
                                                  ],
                                                  "mode": "number",
                                                  "path": "string",
                                                  "resourceFieldRef": [
                                                    "object",
                                                    {
                                                      "containerName": "string",
                                                      "divisor": "string",
                                                      "resource": "string"
                                                    }
                                                  ]
                                                }
                                              ]
                                            ]
                                          }
                                        ],
                                        "secret": [
                                          "object",
                                          {
                                            "items": [
                                              "list",
                                              [
                                                "object",
                                                {
                                                  "key": "string",
                                                  "mode": "number",
                                                  "path": "string"
                                                }
                                              ]
                                            ],
                                            "name": "string",
                                            "optional": "bool"
                                          }
                                        ],
                                        "serviceAccountToken": [
                                          "object",
                                          {
                                            "audience": "string",
                                            "expirationSeconds": "number",
                                            "path": "string"
                                          }
                                        ]
                                      }
                                    ]
                                  ]
                                }
                              ],
                              "quobyte": [
                                "object",
                                {
                                  "group": "string",
                                  "readOnly": "bool",
                                  "registry": "string",
                                  "tenant": "string",
                                  "user": "string",
                                  "volume": "string"
                                }
                              ],
                              "rbd": [
                                "object",
                                {
                                  "fsType": "string",
                                  "image": "string",
                                  "keyring": "string",
                                  "monitors": [
                                    "list",
                                    "string"
                                  ],
                                  "pool": "string",
                                  "readOnly": "bool",
                                  "secretRef": [
                                    "object",
                                    {
                                      "name": "string"
                                    }
                                  ],
                                  "user": "string"
                                }
                              ],
                              "scaleIO": [
                                "object",
                                {
                                  "fsType": "string",
                                  "gateway": "string",
                                  "protectionDomain": "string",
                                  "readOnly": "bool",
                                  "secretRef": [
                                    "object",
                                    {
                                      "name": "string"
                                    }
                                  ],
                                  "sslEnabled": "bool",
                                  "storageMode": "string",
                                  "storagePool": "string",
                                  "system": "string",
                                  "volumeName": "string"
                                }
                              ],
                              "secret": [
                                "object",
                                {
                                  "defaultMode": "number",
                                  "items": [
                                    "list",
                                    [
                                      "object",
                                      {
                                        "key": "string",
                                        "mode": "number",
                                        "path": "string"
                                      }
                                    ]
                                  ],
                                  "optional": "bool",
                                  "secretName": "string"
                                }
                              ],
                              "storageos": [
                                "object",
                                {
                                  "fsType": "string",
                                  "readOnly": "bool",
                                  "secretRef": [
                                    "object",
                                    {
                                      "name": "string"
                                    }
                                  ],
                                  "volumeName": "string",
                                  "volumeNamespace": "string"
                                }
                              ],
                              "vsphereVolume": [
                                "object",
                                {
                                  "fsType": "string",
                                  "storagePolicyID": "string",
                                  "storagePolicyName": "string",
                                  "volumePath": "string"
                                }
                              ]
                            }
                          ]
                        ]
                      ]
                    }
                  ]
                }
              ]
            },
            "timeouts": [],
            "wait": [],
            "wait_for": null
          },
          "sensitive_attributes": []
        }
      ]
    },
    {
      "mode": "managed",
      "type": "kubernetes_manifest",
      "name": "service",
      "provider": "provider[\"registry.terraform.io/hashicorp/kubernetes\"]",
      "instances": [
        {
          "schema_version": 1,
          "attributes": {
            "computed_fields": null,
            "field_manager": [],
            "manifest": {
              "value": {
                "apiVersion": "v1",
                "kind": "Service",
                "metadata": {
                  "name": "myservice",
                  "namespace": "default"
                },
                "spec": {
                  "ports": [
                    {
                      "name": "http",
                      "nodePort": 30007,
                      "port": 80,
                      "targetPort": 80
                    }
                  ],
                  "selector": {
                    "app": "myapp"
                  },
                  "type": "NodePort"
                }
              },
              "type": [
                "object",
                {
                  "apiVersion": "string",
                  "kind": "string",
                  "metadata": [
                    "object",
                    {
                      "name": "string",
                      "namespace": "string"
                    }
                  ],
                  "spec": [
                    "object",
                    {
                      "ports": [
                        "tuple",
                        [
                          [
                            "object",
                            {
                              "name": "string",
                              "nodePort": "number",
                              "port": "number",
                              "targetPort": "number"
                            }
                          ]
                        ]
                      ],
                      "selector": [
                        "object",
                        {
                          "app": "string"
                        }
                      ],
                      "type": "string"
                    }
                  ]
                }
              ]
            },
            "object": {
              "value": {
                "apiVersion": "v1",
                "kind": "Service",
                "metadata": {
                  "annotations": null,
                  "creationTimestamp": null,
                  "deletionGracePeriodSeconds": null,
                  "deletionTimestamp": null,
                  "finalizers": null,
                  "generateName": null,
                  "generation": null,
                  "labels": null,
                  "managedFields": null,
                  "name": "myservice",
                  "namespace": "default",
                  "ownerReferences": null,
                  "resourceVersion": null,
                  "selfLink": null,
                  "uid": null
                },
                "spec": {
                  "allocateLoadBalancerNodePorts": null,
                  "clusterIP": "10.103.192.89",
                  "clusterIPs": [
                    "10.103.192.89"
                  ],
                  "externalIPs": null,
                  "externalName": null,
                  "externalTrafficPolicy": "Cluster",
                  "healthCheckNodePort": null,
                  "internalTrafficPolicy": "Cluster",
                  "ipFamilies": [
                    "IPv4"
                  ],
                  "ipFamilyPolicy": "SingleStack",
                  "loadBalancerClass": null,
                  "loadBalancerIP": null,
                  "loadBalancerSourceRanges": null,
                  "ports": [
                    {
                      "appProtocol": null,
                      "name": "http",
                      "nodePort": 30007,
                      "port": 80,
                      "protocol": "TCP",
                      "targetPort": "80"
                    }
                  ],
                  "publishNotReadyAddresses": null,
                  "selector": {
                    "app": "myapp"
                  },
                  "sessionAffinity": "None",
                  "sessionAffinityConfig": {
                    "clientIP": {
                      "timeoutSeconds": null
                    }
                  },
                  "trafficDistribution": null,
                  "type": "NodePort"
                }
              },
              "type": [
                "object",
                {
                  "apiVersion": "string",
                  "kind": "string",
                  "metadata": [
                    "object",
                    {
                      "annotations": [
                        "map",
                        "string"
                      ],
                      "creationTimestamp": "string",
                      "deletionGracePeriodSeconds": "number",
                      "deletionTimestamp": "string",
                      "finalizers": [
                        "list",
                        "string"
                      ],
                      "generateName": "string",
                      "generation": "number",
                      "labels": [
                        "map",
                        "string"
                      ],
                      "managedFields": [
                        "tuple",
                        [
                          [
                            "object",
                            {
                              "apiVersion": "string",
                              "fieldsType": "string",
                              "fieldsV1": "dynamic",
                              "manager": "string",
                              "operation": "string",
                              "subresource": "string",
                              "time": "string"
                            }
                          ]
                        ]
                      ],
                      "name": "string",
                      "namespace": "string",
                      "ownerReferences": [
                        "list",
                        [
                          "object",
                          {
                            "apiVersion": "string",
                            "blockOwnerDeletion": "bool",
                            "controller": "bool",
                            "kind": "string",
                            "name": "string",
                            "uid": "string"
                          }
                        ]
                      ],
                      "resourceVersion": "string",
                      "selfLink": "string",
                      "uid": "string"
                    }
                  ],
                  "spec": [
                    "object",
                    {
                      "allocateLoadBalancerNodePorts": "bool",
                      "clusterIP": "string",
                      "clusterIPs": [
                        "list",
                        "string"
                      ],
                      "externalIPs": [
                        "list",
                        "string"
                      ],
                      "externalName": "string",
                      "externalTrafficPolicy": "string",
                      "healthCheckNodePort": "number",
                      "internalTrafficPolicy": "string",
                      "ipFamilies": [
                        "list",
                        "string"
                      ],
                      "ipFamilyPolicy": "string",
                      "loadBalancerClass": "string",
                      "loadBalancerIP": "string",
                      "loadBalancerSourceRanges": [
                        "list",
                        "string"
                      ],
                      "ports": [
                        "list",
                        [
                          "object",
                          {
                            "appProtocol": "string",
                            "name": "string",
                            "nodePort": "number",
                            "port": "number",
                            "protocol": "string",
                            "targetPort": "string"
                          }
                        ]
                      ],
                      "publishNotReadyAddresses": "bool",
                      "selector": [
                        "map",
                        "string"
                      ],
                      "sessionAffinity": "string",
                      "sessionAffinityConfig": [
                        "object",
                        {
                          "clientIP": [
                            "object",
                            {
                              "timeoutSeconds": "number"
                            }
                          ]
                        }
                      ],
                      "trafficDistribution": "string",
                      "type": "string"
                    }
                  ]
                }
              ]
            },
            "timeouts": [],
            "wait": [],
            "wait_for": null
          },
          "sensitive_attributes": []
        }
      ]
    }
  ],
  "check_results": null
}
